
Microsoft Visual Studio Solution File, Format Version 12.00
# Visual Studio Version 17
VisualStudioVersion = 17.11.35303.130
MinimumVisualStudioVersion = 10.0.40219.1
Project("{FAE04EC0-301F-11D3-BF4B-00C04F79EFBC}") = "HRMs", "HRMs\HRMs.csproj", "{36870F86-6B47-41DA-9153-9F376EA9431B}"
EndProject
Global
	GlobalSection(SolutionConfigurationPlatforms) = preSolution
		Debug|Any CPU = Debug|Any CPU
		Release|Any CPU = Release|Any CPU
	EndGlobalSection
	GlobalSection(ProjectConfigurationPlatforms) = postSolution
		{36870F86-6B47-41DA-9153-9F376EA9431B}.Debug|Any CPU.ActiveCfg = Debug|Any CPU
		{36870F86-6B47-41DA-9153-9F376EA9431B}.Debug|Any CPU.Build.0 = Debug|Any CPU
		{36870F86-6B47-41DA-9153-9F376EA9431B}.Release|Any CPU.ActiveCfg = Release|Any CPU
		{36870F86-6B47-41DA-9153-9F376EA9431B}.Release|Any CPU.Build.0 = Release|Any CPU
	EndGlobalSection
	GlobalSection(SolutionProperties) = preSolution
		HideSolutionNode = FALSE
	EndGlobalSection
	GlobalSection(ExtensibilityGlobals) = postSolution
		SolutionGuid = {B9B10D30-6D96-40A5-8DFC-EFD897E5454B}
	EndGlobalSection
EndGlobal
